// !$*UTF8*$!
{
	archiveVersion = 1;
	classes = {
	};
	objectVersion = 56;
	objects = {

/* Begin PBXBuildFile section */
		80F7531929AAB45800A466E7 /* MediTrakApp.swift in Sources */ = {isa = PBXBuildFile; fileRef = 80F7531829AAB45800A466E7 /* MediTrakApp.swift */; };
		80F7531B29AAB45800A466E7 /* ContentView.swift in Sources */ = {isa = PBXBuildFile; fileRef = 80F7531A29AAB45800A466E7 /* ContentView.swift */; };
		80F7531D29AAB45900A466E7 /* Assets.xcassets in Resources */ = {isa = PBXBuildFile; fileRef = 80F7531C29AAB45900A466E7 /* Assets.xcassets */; };
		80F7532129AAB45900A466E7 /* Preview Assets.xcassets in Resources */ = {isa = PBXBuildFile; fileRef = 80F7532029AAB45900A466E7 /* Preview Assets.xcassets */; };
		80F7532829AAB4C800A466E7 /* Appointment.swift in Sources */ = {isa = PBXBuildFile; fileRef = 80F7532729AAB4C800A466E7 /* Appointment.swift */; };
		80F7532A29AAB5D500A466E7 /* AppointmentsViewModel.swift in Sources */ = {isa = PBXBuildFile; fileRef = 80F7532929AAB5D500A466E7 /* AppointmentsViewModel.swift */; };
		80F7532C29AAB66100A466E7 /* AppointmentView.swift in Sources */ = {isa = PBXBuildFile; fileRef = 80F7532B29AAB66100A466E7 /* AppointmentView.swift */; };
		80F7532E29AABAC700A466E7 /* AppointmentRow.swift in Sources */ = {isa = PBXBuildFile; fileRef = 80F7532D29AABAC700A466E7 /* AppointmentRow.swift */; };
		80F7533029AABAEE00A466E7 /* AppointmentList.swift in Sources */ = {isa = PBXBuildFile; fileRef = 80F7532F29AABAEE00A466E7 /* AppointmentList.swift */; };
		80F7533229AABB1200A466E7 /* AddApointmentView.swift in Sources */ = {isa = PBXBuildFile; fileRef = 80F7533129AABB1200A466E7 /* AddApointmentView.swift */; };
/* End PBXBuildFile section */

/* Begin PBXFileReference section */
		80F7531529AAB45800A466E7 /* MediTrak.app */ = {isa = PBXFileReference; explicitFileType = wrapper.application; includeInIndex = 0; path = MediTrak.app; sourceTree = BUILT_PRODUCTS_DIR; };
		80F7531829AAB45800A466E7 /* MediTrakApp.swift */ = {isa = PBXFileReference; lastKnownFileType = sourcecode.swift; path = MediTrakApp.swift; sourceTree = "<group>"; };
		80F7531A29AAB45800A466E7 /* ContentView.swift */ = {isa = PBXFileReference; lastKnownFileType = sourcecode.swift; path = ContentView.swift; sourceTree = "<group>"; };
		80F7531C29AAB45900A466E7 /* Assets.xcassets */ = {isa = PBXFileReference; lastKnownFileType = folder.assetcatalog; path = Assets.xcassets; sourceTree = "<group>"; };
		80F7531E29AAB45900A466E7 /* MediTrak.entitlements */ = {isa = PBXFileReference; lastKnownFileType = text.plist.entitlements; path = MediTrak.entitlements; sourceTree = "<group>"; };
		80F7532029AAB45900A466E7 /* Preview Assets.xcassets */ = {isa = PBXFileReference; lastKnownFileType = folder.assetcatalog; path = "Preview Assets.xcassets"; sourceTree = "<group>"; };
		80F7532729AAB4C800A466E7 /* Appointment.swift */ = {isa = PBXFileReference; lastKnownFileType = sourcecode.swift; path = Appointment.swift; sourceTree = "<group>"; };
		80F7532929AAB5D500A466E7 /* AppointmentsViewModel.swift */ = {isa = PBXFileReference; lastKnownFileType = sourcecode.swift; path = AppointmentsViewModel.swift; sourceTree = "<group>"; };
		80F7532B29AAB66100A466E7 /* AppointmentView.swift */ = {isa = PBXFileReference; lastKnownFileType = sourcecode.swift; path = AppointmentView.swift; sourceTree = "<group>"; };
		80F7532D29AABAC700A466E7 /* AppointmentRow.swift */ = {isa = PBXFileReference; lastKnownFileType = sourcecode.swift; path = AppointmentRow.swift; sourceTree = "<group>"; };
		80F7532F29AABAEE00A466E7 /* AppointmentList.swift */ = {isa = PBXFileReference; lastKnownFileType = sourcecode.swift; path = AppointmentList.swift; sourceTree = "<group>"; };
		80F7533129AABB1200A466E7 /* AddApointmentView.swift */ = {isa = PBXFileReference; lastKnownFileType = sourcecode.swift; path = AddApointmentView.swift; sourceTree = "<group>"; };
/* End PBXFileReference section */

/* Begin PBXFrameworksBuildPhase section */
		80F7531229AAB45800A466E7 /* Frameworks */ = {
			isa = PBXFrameworksBuildPhase;
			buildActionMask = 2147483647;
			files = (
			);
			runOnlyForDeploymentPostprocessing = 0;
		};
/* End PBXFrameworksBuildPhase section */

/* Begin PBXGroup section */
		80F7530C29AAB45800A466E7 = {
			isa = PBXGroup;
			children = (
				80F7531729AAB45800A466E7 /* MediTrak */,
				80F7531629AAB45800A466E7 /* Products */,
			);
			sourceTree = "<group>";
		};
		80F7531629AAB45800A466E7 /* Products */ = {
			isa = PBXGroup;
			children = (
				80F7531529AAB45800A466E7 /* MediTrak.app */,
			);
			name = Products;
			sourceTree = "<group>";
		};
		80F7531729AAB45800A466E7 /* MediTrak */ = {
			isa = PBXGroup;
			children = (
				80F7531829AAB45800A466E7 /* MediTrakApp.swift */,
				80F7531A29AAB45800A466E7 /* ContentView.swift */,
				80F7532729AAB4C800A466E7 /* Appointment.swift */,
				80F7531C29AAB45900A466E7 /* Assets.xcassets */,
				80F7531E29AAB45900A466E7 /* MediTrak.entitlements */,
				80F7531F29AAB45900A466E7 /* Preview Content */,
				80F7532929AAB5D500A466E7 /* AppointmentsViewModel.swift */,
				80F7532B29AAB66100A466E7 /* AppointmentView.swift */,
				80F7532D29AABAC700A466E7 /* AppointmentRow.swift */,
				80F7532F29AABAEE00A466E7 /* AppointmentList.swift */,
				80F7533129AABB1200A466E7 /* AddApointmentView.swift */,
			);
			path = MediTrak;
			sourceTree = "<group>";
		};
		80F7531F29AAB45900A466E7 /* Preview Content */ = {
			isa = PBXGroup;
			children = (
				80F7532029AAB45900A466E7 /* Preview Assets.xcassets */,
			);
			path = "Preview Content";
			sourceTree = "<group>";
		};
/* End PBXGroup section */

/* Begin PBXNativeTarget section */
		80F7531429AAB45800A466E7 /* MediTrak */ = {
			isa = PBXNativeTarget;
			buildConfigurationList = 80F7532429AAB45900A466E7 /* Build configuration list for PBXNativeTarget "MediTrak" */;
			buildPhases = (
				80F7531129AAB45800A466E7 /* Sources */,
				80F7531229AAB45800A466E7 /* Frameworks */,
				80F7531329AAB45800A466E7 /* Resources */,
			);
			buildRules = (
			);
			dependencies = (
			);
			name = MediTrak;
			productName = MediTrak;
			productReference = 80F7531529AAB45800A466E7 /* MediTrak.app */;
			productType = "com.apple.product-type.application";
		};
/* End PBXNativeTarget section */

/* Begin PBXProject section */
		80F7530D29AAB45800A466E7 /* Project object */ = {
			isa = PBXProject;
			attributes = {
				BuildIndependentTargetsInParallel = 1;
				LastSwiftUpdateCheck = 1420;
				LastUpgradeCheck = 1420;
				TargetAttributes = {
					80F7531429AAB45800A466E7 = {
						CreatedOnToolsVersion = 14.2;
					};
				};
			};
			buildConfigurationList = 80F7531029AAB45800A466E7 /* Build configuration list for PBXProject "MediTrak" */;
			compatibilityVersion = "Xcode 14.0";
			developmentRegion = en;
			hasScannedForEncodings = 0;
			knownRegions = (
				en,
				Base,
			);
			mainGroup = 80F7530C29AAB45800A466E7;
			productRefGroup = 80F7531629AAB45800A466E7 /* Products */;
			projectDirPath = "";
			projectRoot = "";
			targets = (
				80F7531429AAB45800A466E7 /* MediTrak */,
			);
		};
/* End PBXProject section */

/* Begin PBXResourcesBuildPhase section */
		80F7531329AAB45800A466E7 /* Resources */ = {
			isa = PBXResourcesBuildPhase;
			buildActionMask = 2147483647;
			files = (
				80F7532129AAB45900A466E7 /* Preview Assets.xcassets in Resources */,
				80F7531D29AAB45900A466E7 /* Assets.xcassets in Resources */,
			);
			runOnlyForDeploymentPostprocessing = 0;
		};
/* End PBXResourcesBuildPhase section */

/* Begin PBXSourcesBuildPhase section */
		80F7531129AAB45800A466E7 /* Sources */ = {
			isa = PBXSourcesBuildPhase;
			buildActionMask = 2147483647;
			files = (
				80F7532C29AAB66100A466E7 /* AppointmentView.swift in Sources */,
				80F7532A29AAB5D500A466E7 /* AppointmentsViewModel.swift in Sources */,
				80F7532E29AABAC700A466E7 /* AppointmentRow.swift in Sources */,
				80F7533029AABAEE00A466E7 /* AppointmentList.swift in Sources */,
				80F7532829AAB4C800A466E7 /* Appointment.swift in Sources */,
				80F7533229AABB1200A466E7 /* AddApointmentView.swift in Sources */,
				80F7531B29AAB45800A466E7 /* ContentView.swift in Sources */,
				80F7531929AAB45800A466E7 /* MediTrakApp.swift in Sources */,
			);
			runOnlyForDeploymentPostprocessing = 0;
		};
/* End PBXSourcesBuildPhase section */

/* Begin XCBuildConfiguration section */
		80F7532229AAB45900A466E7 /* Debug */ = {
			isa = XCBuildConfiguration;
			buildSettings = {
				ALWAYS_SEARCH_USER_PATHS = NO;
				CLANG_ANALYZER_NONNULL = YES;
				CLANG_ANALYZER_NUMBER_OBJECT_CONVERSION = YES_AGGRESSIVE;
				CLANG_CXX_LANGUAGE_STANDARD = "gnu++20";
				CLANG_ENABLE_MODULES = YES;
				CLANG_ENABLE_OBJC_ARC = YES;
				CLANG_ENABLE_OBJC_WEAK = YES;
				CLANG_WARN_BLOCK_CAPTURE_AUTORELEASING = YES;
				CLANG_WARN_BOOL_CONVERSION = YES;
				CLANG_WARN_COMMA = YES;
				CLANG_WARN_CONSTANT_CONVERSION = YES;
				CLANG_WARN_DEPRECATED_OBJC_IMPLEMENTATIONS = YES;
				CLANG_WARN_DIRECT_OBJC_ISA_USAGE = YES_ERROR;
				CLANG_WARN_DOCUMENTATION_COMMENTS = YES;
				CLANG_WARN_EMPTY_BODY = YES;
				CLANG_WARN_ENUM_CONVERSION = YES;
				CLANG_WARN_INFINITE_RECURSION = YES;
				CLANG_WARN_INT_CONVERSION = YES;
				CLANG_WARN_NON_LITERAL_NULL_CONVERSION = YES;
				CLANG_WARN_OBJC_IMPLICIT_RETAIN_SELF = YES;
				CLANG_WARN_OBJC_LITERAL_CONVERSION = YES;
				CLANG_WARN_OBJC_ROOT_CLASS = YES_ERROR;
				CLANG_WARN_QUOTED_INCLUDE_IN_FRAMEWORK_HEADER = YES;
				CLANG_WARN_RANGE_LOOP_ANALYSIS = YES;
				CLANG_WARN_STRICT_PROTOTYPES = YES;
				CLANG_WARN_SUSPICIOUS_MOVE = YES;
				CLANG_WARN_UNGUARDED_AVAILABILITY = YES_AGGRESSIVE;
				CLANG_WARN_UNREACHABLE_CODE = YES;
				CLANG_WARN__DUPLICATE_METHOD_MATCH = YES;
				COPY_PHASE_STRIP = NO;
				DEBUG_INFORMATION_FORMAT = dwarf;
				ENABLE_STRICT_OBJC_MSGSEND = YES;
				ENABLE_TESTABILITY = YES;
				GCC_C_LANGUAGE_STANDARD = gnu11;
				GCC_DYNAMIC_NO_PIC = NO;
				GCC_NO_COMMON_BLOCKS = YES;
				GCC_OPTIMIZATION_LEVEL = 0;
				GCC_PREPROCESSOR_DEFINITIONS = (
					"DEBUG=1",
					"$(inherited)",
				);
				GCC_WARN_64_TO_32_BIT_CONVERSION = YES;
				GCC_WARN_ABOUT_RETURN_TYPE = YES_ERROR;
				GCC_WARN_UNDECLARED_SELECTOR = YES;
				GCC_WARN_UNINITIALIZED_AUTOS = YES_AGGRESSIVE;
				GCC_WARN_UNUSED_FUNCTION = YES;
				GCC_WARN_UNUSED_VARIABLE = YES;
				MTL_ENABLE_DEBUG_INFO = INCLUDE_SOURCE;
				MTL_FAST_MATH = YES;
				ONLY_ACTIVE_ARCH = YES;
				SWIFT_ACTIVE_COMPILATION_CONDITIONS = DEBUG;
				SWIFT_OPTIMIZATION_LEVEL = "-Onone";
			};
			name = Debug;
		};
		80F7532329AAB45900A466E7 /* Release */ = {
			isa = XCBuildConfiguration;
			buildSettings = {
				ALWAYS_SEARCH_USER_PATHS = NO;
				CLANG_ANALYZER_NONNULL = YES;
				CLANG_ANALYZER_NUMBER_OBJECT_CONVERSION = YES_AGGRESSIVE;
				CLANG_CXX_LANGUAGE_STANDARD = "gnu++20";
				CLANG_ENABLE_MODULES = YES;
				CLANG_ENABLE_OBJC_ARC = YES;
				CLANG_ENABLE_OBJC_WEAK = YES;
				CLANG_WARN_BLOCK_CAPTURE_AUTORELEASING = YES;
				CLANG_WARN_BOOL_CONVERSION = YES;
				CLANG_WARN_COMMA = YES;
				CLANG_WARN_CONSTANT_CONVERSION = YES;
				CLANG_WARN_DEPRECATED_OBJC_IMPLEMENTATIONS = YES;
				CLANG_WARN_DIRECT_OBJC_ISA_USAGE = YES_ERROR;
				CLANG_WARN_DOCUMENTATION_COMMENTS = YES;
				CLANG_WARN_EMPTY_BODY = YES;
				CLANG_WARN_ENUM_CONVERSION = YES;
				CLANG_WARN_INFINITE_RECURSION = YES;
				CLANG_WARN_INT_CONVERSION = YES;
				CLANG_WARN_NON_LITERAL_NULL_CONVERSION = YES;
				CLANG_WARN_OBJC_IMPLICIT_RETAIN_SELF = YES;
				CLANG_WARN_OBJC_LITERAL_CONVERSION = YES;
				CLANG_WARN_OBJC_ROOT_CLASS = YES_ERROR;
				CLANG_WARN_QUOTED_INCLUDE_IN_FRAMEWORK_HEADER = YES;
				CLANG_WARN_RANGE_LOOP_ANALYSIS = YES;
				CLANG_WARN_STRICT_PROTOTYPES = YES;
				CLANG_WARN_SUSPICIOUS_MOVE = YES;
				CLANG_WARN_UNGUARDED_AVAILABILITY = YES_AGGRESSIVE;
				CLANG_WARN_UNREACHABLE_CODE = YES;
				CLANG_WARN__DUPLICATE_METHOD_MATCH = YES;
				COPY_PHASE_STRIP = NO;
				DEBUG_INFORMATION_FORMAT = "dwarf-with-dsym";
				ENABLE_NS_ASSERTIONS = NO;
				ENABLE_STRICT_OBJC_MSGSEND = YES;
				GCC_C_LANGUAGE_STANDARD = gnu11;
				GCC_NO_COMMON_BLOCKS = YES;
				GCC_WARN_64_TO_32_BIT_CONVERSION = YES;
				GCC_WARN_ABOUT_RETURN_TYPE = YES_ERROR;
				GCC_WARN_UNDECLARED_SELECTOR = YES;
				GCC_WARN_UNINITIALIZED_AUTOS = YES_AGGRESSIVE;
				GCC_WARN_UNUSED_FUNCTION = YES;
				GCC_WARN_UNUSED_VARIABLE = YES;
				MTL_ENABLE_DEBUG_INFO = NO;
				MTL_FAST_MATH = YES;
				SWIFT_COMPILATION_MODE = wholemodule;
				SWIFT_OPTIMIZATION_LEVEL = "-O";
			};
			name = Release;
		};
		80F7532529AAB45900A466E7 /* Debug */ = {
			isa = XCBuildConfiguration;
			buildSettings = {
				ASSETCATALOG_COMPILER_APPICON_NAME = AppIcon;
				ASSETCATALOG_COMPILER_GLOBAL_ACCENT_COLOR_NAME = AccentColor;
				CODE_SIGN_ENTITLEMENTS = MediTrak/MediTrak.entitlements;
				CODE_SIGN_STYLE = Automatic;
				CURRENT_PROJECT_VERSION = 1;
				DEVELOPMENT_ASSET_PATHS = "\"MediTrak/Preview Content\"";
				DEVELOPMENT_TEAM = 5J9C5S965J;
				ENABLE_HARDENED_RUNTIME = YES;
				ENABLE_PREVIEWS = YES;
				GENERATE_INFOPLIST_FILE = YES;
				"INFOPLIST_KEY_UIApplicationSceneManifest_Generation[sdk=iphoneos*]" = YES;
				"INFOPLIST_KEY_UIApplicationSceneManifest_Generation[sdk=iphonesimulator*]" = YES;
				"INFOPLIST_KEY_UIApplicationSupportsIndirectInputEvents[sdk=iphoneos*]" = YES;
				"INFOPLIST_KEY_UIApplicationSupportsIndirectInputEvents[sdk=iphonesimulator*]" = YES;
				"INFOPLIST_KEY_UILaunchScreen_Generation[sdk=iphoneos*]" = YES;
				"INFOPLIST_KEY_UILaunchScreen_Generation[sdk=iphonesimulator*]" = YES;
				"INFOPLIST_KEY_UIStatusBarStyle[sdk=iphoneos*]" = UIStatusBarStyleDefault;
				"INFOPLIST_KEY_UIStatusBarStyle[sdk=iphonesimulator*]" = UIStatusBarStyleDefault;
				INFOPLIST_KEY_UISupportedInterfaceOrientations_iPad = "UIInterfaceOrientationPortrait UIInterfaceOrientationPortraitUpsideDown UIInterfaceOrientationLandscapeLeft UIInterfaceOrientationLandscapeRight";
				INFOPLIST_KEY_UISupportedInterfaceOrientations_iPhone = "UIInterfaceOrientationPortrait UIInterfaceOrientationLandscapeLeft UIInterfaceOrientationLandscapeRight";
				IPHONEOS_DEPLOYMENT_TARGET = 16.2;
				LD_RUNPATH_SEARCH_PATHS = "@executable_path/Frameworks";
				"LD_RUNPATH_SEARCH_PATHS[sdk=macosx*]" = "@executable_path/../Frameworks";
				MACOSX_DEPLOYMENT_TARGET = 13.1;
				MARKETING_VERSION = 1.0;
				PRODUCT_BUNDLE_IDENTIFIER = favre.michael.MediTrak;
				PRODUCT_NAME = "$(TARGET_NAME)";
				SDKROOT = auto;
				SUPPORTED_PLATFORMS = "iphoneos iphonesimulator macosx";
				SWIFT_EMIT_LOC_STRINGS = YES;
				SWIFT_VERSION = 5.0;
				TARGETED_DEVICE_FAMILY = "1,2";
			};
			name = Debug;
		};
		80F7532629AAB45900A466E7 /* Release */ = {
			isa = XCBuildConfiguration;
			buildSettings = {
				ASSETCATALOG_COMPILER_APPICON_NAME = AppIcon;
				ASSETCATALOG_COMPILER_GLOBAL_ACCENT_COLOR_NAME = AccentColor;
				CODE_SIGN_ENTITLEMENTS = MediTrak/MediTrak.entitlements;
				CODE_SIGN_STYLE = Automatic;
				CURRENT_PROJECT_VERSION = 1;
				DEVELOPMENT_ASSET_PATHS = "\"MediTrak/Preview Content\"";
				DEVELOPMENT_TEAM = 5J9C5S965J;
				ENABLE_HARDENED_RUNTIME = YES;
				ENABLE_PREVIEWS = YES;
				GENERATE_INFOPLIST_FILE = YES;
				"INFOPLIST_KEY_UIApplicationSceneManifest_Generation[sdk=iphoneos*]" = YES;
				"INFOPLIST_KEY_UIApplicationSceneManifest_Generation[sdk=iphonesimulator*]" = YES;
				"INFOPLIST_KEY_UIApplicationSupportsIndirectInputEvents[sdk=iphoneos*]" = YES;
				"INFOPLIST_KEY_UIApplicationSupportsIndirectInputEvents[sdk=iphonesimulator*]" = YES;
				"INFOPLIST_KEY_UILaunchScreen_Generation[sdk=iphoneos*]" = YES;
				"INFOPLIST_KEY_UILaunchScreen_Generation[sdk=iphonesimulator*]" = YES;
				"INFOPLIST_KEY_UIStatusBarStyle[sdk=iphoneos*]" = UIStatusBarStyleDefault;
				"INFOPLIST_KEY_UIStatusBarStyle[sdk=iphonesimulator*]" = UIStatusBarStyleDefault;
				INFOPLIST_KEY_UISupportedInterfaceOrientations_iPad = "UIInterfaceOrientationPortrait UIInterfaceOrientationPortraitUpsideDown UIInterfaceOrientationLandscapeLeft UIInterfaceOrientationLandscapeRight";
				INFOPLIST_KEY_UISupportedInterfaceOrientations_iPhone = "UIInterfaceOrientationPortrait UIInterfaceOrientationLandscapeLeft UIInterfaceOrientationLandscapeRight";
				IPHONEOS_DEPLOYMENT_TARGET = 16.2;
				LD_RUNPATH_SEARCH_PATHS = "@executable_path/Frameworks";
				"LD_RUNPATH_SEARCH_PATHS[sdk=macosx*]" = "@executable_path/../Frameworks";
				MACOSX_DEPLOYMENT_TARGET = 13.1;
				MARKETING_VERSION = 1.0;
				PRODUCT_BUNDLE_IDENTIFIER = favre.michael.MediTrak;
				PRODUCT_NAME = "$(TARGET_NAME)";
				SDKROOT = auto;
				SUPPORTED_PLATFORMS = "iphoneos iphonesimulator macosx";
				SWIFT_EMIT_LOC_STRINGS = YES;
				SWIFT_VERSION = 5.0;
				TARGETED_DEVICE_FAMILY = "1,2";
			};
			name = Release;
		};
/* End XCBuildConfiguration section */

/* Begin XCConfigurationList section */
		80F7531029AAB45800A466E7 /* Build configuration list for PBXProject "MediTrak" */ = {
			isa = XCConfigurationList;
			buildConfigurations = (
				80F7532229AAB45900A466E7 /* Debug */,
				80F7532329AAB45900A466E7 /* Release */,
			);
			defaultConfigurationIsVisible = 0;
			defaultConfigurationName = Release;
		};
		80F7532429AAB45900A466E7 /* Build configuration list for PBXNativeTarget "MediTrak" */ = {
			isa = XCConfigurationList;
			buildConfigurations = (
				80F7532529AAB45900A466E7 /* Debug */,
				80F7532629AAB45900A466E7 /* Release */,
			);
			defaultConfigurationIsVisible = 0;
			defaultConfigurationName = Release;
		};
/* End XCConfigurationList section */
	};
	rootObject = 80F7530D29AAB45800A466E7 /* Project object */;
}
